// !$*UTF8*$!
{
	archiveVersion = 1;
	classes = {
	};
	objectVersion = 50;
	objects = {

/* Begin PBXBuildFile section */
		49350879220B7350009A8F26 /* nike.png in Resources */ = {isa = PBXBuildFile; fileRef = 49350878220B7350009A8F26 /* nike.png */; };
		49CFB989220ACA090086DE94 /* AppDelegate.swift in Sources */ = {isa = PBXBuildFile; fileRef = 49CFB988220ACA090086DE94 /* AppDelegate.swift */; };
		49CFB98B220ACA090086DE94 /* ViewController.swift in Sources */ = {isa = PBXBuildFile; fileRef = 49CFB98A220ACA090086DE94 /* ViewController.swift */; };
		49CFB98E220ACA090086DE94 /* Main.storyboard in Resources */ = {isa = PBXBuildFile; fileRef = 49CFB98C220ACA090086DE94 /* Main.storyboard */; };
		49CFB990220ACA0A0086DE94 /* Assets.xcassets in Resources */ = {isa = PBXBuildFile; fileRef = 49CFB98F220ACA0A0086DE94 /* Assets.xcassets */; };
		49CFB993220ACA0A0086DE94 /* LaunchScreen.storyboard in Resources */ = {isa = PBXBuildFile; fileRef = 49CFB991220ACA0A0086DE94 /* LaunchScreen.storyboard */; };
		49CFB9A6220B26E70086DE94 /* hoodie.jpg in Resources */ = {isa = PBXBuildFile; fileRef = 49CFB9A5220B26E70086DE94 /* hoodie.jpg */; };
		49CFB9A8220B2CA50086DE94 /* stars.jpg in Resources */ = {isa = PBXBuildFile; fileRef = 49CFB9A7220B2CA50086DE94 /* stars.jpg */; };
		49CFB9AA220B2E350086DE94 /* line.jpg in Resources */ = {isa = PBXBuildFile; fileRef = 49CFB9A9220B2E350086DE94 /* line.jpg */; };
/* End PBXBuildFile section */

/* Begin PBXFileReference section */
		49350878220B7350009A8F26 /* nike.png */ = {isa = PBXFileReference; lastKnownFileType = image.png; path = nike.png; sourceTree = "<group>"; };
		49CFB985220ACA090086DE94 /* kohls.app */ = {isa = PBXFileReference; explicitFileType = wrapper.application; includeInIndex = 0; path = kohls.app; sourceTree = BUILT_PRODUCTS_DIR; };
		49CFB988220ACA090086DE94 /* AppDelegate.swift */ = {isa = PBXFileReference; lastKnownFileType = sourcecode.swift; path = AppDelegate.swift; sourceTree = "<group>"; };
		49CFB98A220ACA090086DE94 /* ViewController.swift */ = {isa = PBXFileReference; lastKnownFileType = sourcecode.swift; path = ViewController.swift; sourceTree = "<group>"; };
		49CFB98D220ACA090086DE94 /* Base */ = {isa = PBXFileReference; lastKnownFileType = file.storyboard; name = Base; path = Base.lproj/Main.storyboard; sourceTree = "<group>"; };
		49CFB98F220ACA0A0086DE94 /* Assets.xcassets */ = {isa = PBXFileReference; lastKnownFileType = folder.assetcatalog; path = Assets.xcassets; sourceTree = "<group>"; };
		49CFB992220ACA0A0086DE94 /* Base */ = {isa = PBXFileReference; lastKnownFileType = file.storyboard; name = Base; path = Base.lproj/LaunchScreen.storyboard; sourceTree = "<group>"; };
		49CFB994220ACA0A0086DE94 /* Info.plist */ = {isa = PBXFileReference; lastKnownFileType = text.plist.xml; path = Info.plist; sourceTree = "<group>"; };
		49CFB9A5220B26E70086DE94 /* hoodie.jpg */ = {isa = PBXFileReference; lastKnownFileType = image.jpeg; path = hoodie.jpg; sourceTree = "<group>"; };
		49CFB9A7220B2CA50086DE94 /* stars.jpg */ = {isa = PBXFileReference; lastKnownFileType = image.jpeg; path = stars.jpg; sourceTree = "<group>"; };
		49CFB9A9220B2E350086DE94 /* line.jpg */ = {isa = PBXFileReference; lastKnownFileType = image.jpeg; path = line.jpg; sourceTree = "<group>"; };
/* End PBXFileReference section */

/* Begin PBXFrameworksBuildPhase section */
		49CFB982220ACA090086DE94 /* Frameworks */ = {
			isa = PBXFrameworksBuildPhase;
			buildActionMask = 2147483647;
			files = (
			);
			runOnlyForDeploymentPostprocessing = 0;
		};
/* End PBXFrameworksBuildPhase section */

/* Begin PBXGroup section */
		49CFB97C220ACA090086DE94 = {
			isa = PBXGroup;
			children = (
				49CFB987220ACA090086DE94 /* kohls */,
				49CFB986220ACA090086DE94 /* Products */,
			);
			sourceTree = "<group>";
		};
		49CFB986220ACA090086DE94 /* Products */ = {
			isa = PBXGroup;
			children = (
				49CFB985220ACA090086DE94 /* kohls.app */,
			);
			name = Products;
			sourceTree = "<group>";
		};
		49CFB987220ACA090086DE94 /* kohls */ = {
			isa = PBXGroup;
			children = (
				49CFB988220ACA090086DE94 /* AppDelegate.swift */,
				49CFB98A220ACA090086DE94 /* ViewController.swift */,
				49CFB98C220ACA090086DE94 /* Main.storyboard */,
				49CFB98F220ACA0A0086DE94 /* Assets.xcassets */,
				49350878220B7350009A8F26 /* nike.png */,
				49CFB9A9220B2E350086DE94 /* line.jpg */,
				49CFB9A7220B2CA50086DE94 /* stars.jpg */,
				49CFB9A5220B26E70086DE94 /* hoodie.jpg */,
				49CFB991220ACA0A0086DE94 /* LaunchScreen.storyboard */,
				49CFB994220ACA0A0086DE94 /* Info.plist */,
			);
			path = kohls;
			sourceTree = "<group>";
		};
/* End PBXGroup section */

/* Begin PBXNativeTarget section */
		49CFB984220ACA090086DE94 /* kohls */ = {
			isa = PBXNativeTarget;
			buildConfigurationList = 49CFB997220ACA0A0086DE94 /* Build configuration list for PBXNativeTarget "kohls" */;
			buildPhases = (
				49CFB981220ACA090086DE94 /* Sources */,
				49CFB982220ACA090086DE94 /* Frameworks */,
				49CFB983220ACA090086DE94 /* Resources */,
			);
			buildRules = (
			);
			dependencies = (
			);
			name = kohls;
			productName = kohls;
			productReference = 49CFB985220ACA090086DE94 /* kohls.app */;
			productType = "com.apple.product-type.application";
		};
/* End PBXNativeTarget section */

/* Begin PBXProject section */
		49CFB97D220ACA090086DE94 /* Project object */ = {
			isa = PBXProject;
			attributes = {
				LastSwiftUpdateCheck = 1010;
				LastUpgradeCheck = 1010;
				ORGANIZATIONNAME = com.phani;
				TargetAttributes = {
					49CFB984220ACA090086DE94 = {
						CreatedOnToolsVersion = 10.1;
					};
				};
			};
			buildConfigurationList = 49CFB980220ACA090086DE94 /* Build configuration list for PBXProject "kohls" */;
			compatibilityVersion = "Xcode 9.3";
			developmentRegion = en;
			hasScannedForEncodings = 0;
			knownRegions = (
				en,
				Base,
			);
			mainGroup = 49CFB97C220ACA090086DE94;
			productRefGroup = 49CFB986220ACA090086DE94 /* Products */;
			projectDirPath = "";
			projectRoot = "";
			targets = (
				49CFB984220ACA090086DE94 /* kohls */,
			);
		};
/* End PBXProject section */

/* Begin PBXResourcesBuildPhase section */
		49CFB983220ACA090086DE94 /* Resources */ = {
			isa = PBXResourcesBuildPhase;
			buildActionMask = 2147483647;
			files = (
				49CFB9A6220B26E70086DE94 /* hoodie.jpg in Resources */,
				49CFB993220ACA0A0086DE94 /* LaunchScreen.storyboard in Resources */,
				49CFB990220ACA0A0086DE94 /* Assets.xcassets in Resources */,
				49350879220B7350009A8F26 /* nike.png in Resources */,
				49CFB98E220ACA090086DE94 /* Main.storyboard in Resources */,
				49CFB9A8220B2CA50086DE94 /* stars.jpg in Resources */,
				49CFB9AA220B2E350086DE94 /* line.jpg in Resources */,
			);
			runOnlyForDeploymentPostprocessing = 0;
		};
/* End PBXResourcesBuildPhase section */

/* Begin PBXSourcesBuildPhase section */
		49CFB981220ACA090086DE94 /* Sources */ = {
			isa = PBXSourcesBuildPhase;
			buildActionMask = 2147483647;
			files = (
				49CFB98B220ACA090086DE94 /* ViewController.swift in Sources */,
				49CFB989220ACA090086DE94 /* AppDelegate.swift in Sources */,
			);
			runOnlyForDeploymentPostprocessing = 0;
		};
/* End PBXSourcesBuildPhase section */

/* Begin PBXVariantGroup section */
		49CFB98C220ACA090086DE94 /* Main.storyboard */ = {
			isa = PBXVariantGroup;
			children = (
				49CFB98D220ACA090086DE94 /* Base */,
			);
			name = Main.storyboard;
			sourceTree = "<group>";
		};
		49CFB991220ACA0A0086DE94 /* LaunchScreen.storyboard */ = {
			isa = PBXVariantGroup;
			children = (
				49CFB992220ACA0A0086DE94 /* Base */,
			);
			name = LaunchScreen.storyboard;
			sourceTree = "<group>";
		};
/* End PBXVariantGroup section */

/* Begin XCBuildConfiguration section */
		49CFB995220ACA0A0086DE94 /* Debug */ = {
			isa = XCBuildConfiguration;
			buildSettings = {
				ALWAYS_SEARCH_USER_PATHS = NO;
				CLANG_ANALYZER_NONNULL = YES;
				CLANG_ANALYZER_NUMBER_OBJECT_CONVERSION = YES_AGGRESSIVE;
				CLANG_CXX_LANGUAGE_STANDARD = "gnu++14";
				CLANG_CXX_LIBRARY = "libc++";
				CLANG_ENABLE_MODULES = YES;
				CLANG_ENABLE_OBJC_ARC = YES;
				CLANG_ENABLE_OBJC_WEAK = YES;
				CLANG_WARN_BLOCK_CAPTURE_AUTORELEASING = YES;
				CLANG_WARN_BOOL_CONVERSION = YES;
				CLANG_WARN_COMMA = YES;
				CLANG_WARN_CONSTANT_CONVERSION = YES;
				CLANG_WARN_DEPRECATED_OBJC_IMPLEMENTATIONS = YES;
				CLANG_WARN_DIRECT_OBJC_ISA_USAGE = YES_ERROR;
				CLANG_WARN_DOCUMENTATION_COMMENTS = YES;
				CLANG_WARN_EMPTY_BODY = YES;
				CLANG_WARN_ENUM_CONVERSION = YES;
				CLANG_WARN_INFINITE_RECURSION = YES;
				CLANG_WARN_INT_CONVERSION = YES;
				CLANG_WARN_NON_LITERAL_NULL_CONVERSION = YES;
				CLANG_WARN_OBJC_IMPLICIT_RETAIN_SELF = YES;
				CLANG_WARN_OBJC_LITERAL_CONVERSION = YES;
				CLANG_WARN_OBJC_ROOT_CLASS = YES_ERROR;
				CLANG_WARN_RANGE_LOOP_ANALYSIS = YES;
				CLANG_WARN_STRICT_PROTOTYPES = YES;
				CLANG_WARN_SUSPICIOUS_MOVE = YES;
				CLANG_WARN_UNGUARDED_AVAILABILITY = YES_AGGRESSIVE;
				CLANG_WARN_UNREACHABLE_CODE = YES;
				CLANG_WARN__DUPLICATE_METHOD_MATCH = YES;
				CODE_SIGN_IDENTITY = "iPhone Developer";
				COPY_PHASE_STRIP = NO;
				DEBUG_INFORMATION_FORMAT = dwarf;
				ENABLE_STRICT_OBJC_MSGSEND = YES;
				ENABLE_TESTABILITY = YES;
				GCC_C_LANGUAGE_STANDARD = gnu11;
				GCC_DYNAMIC_NO_PIC = NO;
				GCC_NO_COMMON_BLOCKS = YES;
				GCC_OPTIMIZATION_LEVEL = 0;
				GCC_PREPROCESSOR_DEFINITIONS = (
					"DEBUG=1",
					"$(inherited)",
				);
				GCC_WARN_64_TO_32_BIT_CONVERSION = YES;
				GCC_WARN_ABOUT_RETURN_TYPE = YES_ERROR;
				GCC_WARN_UNDECLARED_SELECTOR = YES;
				GCC_WARN_UNINITIALIZED_AUTOS = YES_AGGRESSIVE;
				GCC_WARN_UNUSED_FUNCTION = YES;
				GCC_WARN_UNUSED_VARIABLE = YES;
				IPHONEOS_DEPLOYMENT_TARGET = 12.1;
				MTL_ENABLE_DEBUG_INFO = INCLUDE_SOURCE;
				MTL_FAST_MATH = YES;
				ONLY_ACTIVE_ARCH = YES;
				SDKROOT = iphoneos;
				SWIFT_ACTIVE_COMPILATION_CONDITIONS = DEBUG;
				SWIFT_OPTIMIZATION_LEVEL = "-Onone";
			};
			name = Debug;
		};
		49CFB996220ACA0A0086DE94 /* Release */ = {
			isa = XCBuildConfiguration;
			buildSettings = {
				ALWAYS_SEARCH_USER_PATHS = NO;
				CLANG_ANALYZER_NONNULL = YES;
				CLANG_ANALYZER_NUMBER_OBJECT_CONVERSION = YES_AGGRESSIVE;
				CLANG_CXX_LANGUAGE_STANDARD = "gnu++14";
				CLANG_CXX_LIBRARY = "libc++";
				CLANG_ENABLE_MODULES = YES;
				CLANG_ENABLE_OBJC_ARC = YES;
				CLANG_ENABLE_OBJC_WEAK = YES;
				CLANG_WARN_BLOCK_CAPTURE_AUTORELEASING = YES;
				CLANG_WARN_BOOL_CONVERSION = YES;
				CLANG_WARN_COMMA = YES;
				CLANG_WARN_CONSTANT_CONVERSION = YES;
				CLANG_WARN_DEPRECATED_OBJC_IMPLEMENTATIONS = YES;
				CLANG_WARN_DIRECT_OBJC_ISA_USAGE = YES_ERROR;
				CLANG_WARN_DOCUMENTATION_COMMENTS = YES;
				CLANG_WARN_EMPTY_BODY = YES;
				CLANG_WARN_ENUM_CONVERSION = YES;
				CLANG_WARN_INFINITE_RECURSION = YES;
				CLANG_WARN_INT_CONVERSION = YES;
				CLANG_WARN_NON_LITERAL_NULL_CONVERSION = YES;
				CLANG_WARN_OBJC_IMPLICIT_RETAIN_SELF = YES;
				CLANG_WARN_OBJC_LITERAL_CONVERSION = YES;
				CLANG_WARN_OBJC_ROOT_CLASS = YES_ERROR;
				CLANG_WARN_RANGE_LOOP_ANALYSIS = YES;
				CLANG_WARN_STRICT_PROTOTYPES = YES;
				CLANG_WARN_SUSPICIOUS_MOVE = YES;
				CLANG_WARN_UNGUARDED_AVAILABILITY = YES_AGGRESSIVE;
				CLANG_WARN_UNREACHABLE_CODE = YES;
				CLANG_WARN__DUPLICATE_METHOD_MATCH = YES;
				CODE_SIGN_IDENTITY = "iPhone Developer";
				COPY_PHASE_STRIP = NO;
				DEBUG_INFORMATION_FORMAT = "dwarf-with-dsym";
				ENABLE_NS_ASSERTIONS = NO;
				ENABLE_STRICT_OBJC_MSGSEND = YES;
				GCC_C_LANGUAGE_STANDARD = gnu11;
				GCC_NO_COMMON_BLOCKS = YES;
				GCC_WARN_64_TO_32_BIT_CONVERSION = YES;
				GCC_WARN_ABOUT_RETURN_TYPE = YES_ERROR;
				GCC_WARN_UNDECLARED_SELECTOR = YES;
				GCC_WARN_UNINITIALIZED_AUTOS = YES_AGGRESSIVE;
				GCC_WARN_UNUSED_FUNCTION = YES;
				GCC_WARN_UNUSED_VARIABLE = YES;
				IPHONEOS_DEPLOYMENT_TARGET = 12.1;
				MTL_ENABLE_DEBUG_INFO = NO;
				MTL_FAST_MATH = YES;
				SDKROOT = iphoneos;
				SWIFT_COMPILATION_MODE = wholemodule;
				SWIFT_OPTIMIZATION_LEVEL = "-O";
				VALIDATE_PRODUCT = YES;
			};
			name = Release;
		};
		49CFB998220ACA0A0086DE94 /* Debug */ = {
			isa = XCBuildConfiguration;
			buildSettings = {
				ASSETCATALOG_COMPILER_APPICON_NAME = AppIcon;
				CODE_SIGN_STYLE = Automatic;
				DEVELOPMENT_TEAM = FP7V2F7LFP;
				INFOPLIST_FILE = kohls/Info.plist;
				LD_RUNPATH_SEARCH_PATHS = (
					"$(inherited)",
					"@executable_path/Frameworks",
				);
				PRODUCT_BUNDLE_IDENTIFIER = com.phani.kohls;
				PRODUCT_NAME = "$(TARGET_NAME)";
				SWIFT_VERSION = 4.2;
				TARGETED_DEVICE_FAMILY = "1,2";
			};
			name = Debug;
		};
		49CFB999220ACA0A0086DE94 /* Release */ = {
			isa = XCBuildConfiguration;
			buildSettings = {
				ASSETCATALOG_COMPILER_APPICON_NAME = AppIcon;
				CODE_SIGN_STYLE = Automatic;
				DEVELOPMENT_TEAM = FP7V2F7LFP;
				INFOPLIST_FILE = kohls/Info.plist;
				LD_RUNPATH_SEARCH_PATHS = (
					"$(inherited)",
					"@executable_path/Frameworks",
				);
				PRODUCT_BUNDLE_IDENTIFIER = com.phani.kohls;
				PRODUCT_NAME = "$(TARGET_NAME)";
				SWIFT_VERSION = 4.2;
				TARGETED_DEVICE_FAMILY = "1,2";
			};
			name = Release;
		};
/* End XCBuildConfiguration section */

/* Begin XCConfigurationList section */
		49CFB980220ACA090086DE94 /* Build configuration list for PBXProject "kohls" */ = {
			isa = XCConfigurationList;
			buildConfigurations = (
				49CFB995220ACA0A0086DE94 /* Debug */,
				49CFB996220ACA0A0086DE94 /* Release */,
			);
			defaultConfigurationIsVisible = 0;
			defaultConfigurationName = Release;
		};
		49CFB997220ACA0A0086DE94 /* Build configuration list for PBXNativeTarget "kohls" */ = {
			isa = XCConfigurationList;
			buildConfigurations = (
				49CFB998220ACA0A0086DE94 /* Debug */,
				49CFB999220ACA0A0086DE94 /* Release */,
			);
			defaultConfigurationIsVisible = 0;
			defaultConfigurationName = Release;
		};
/* End XCConfigurationList section */
	};
	rootObject = 49CFB97D220ACA090086DE94 /* Project object */;
}
